{
  "name": "console.dev",
  "version": "1.0.0",
  "lockfileVersion": 3,
  "requires": true,
  "packages": {
    "": {
      "name": "console.dev",
      "version": "1.0.0",
      "dependencies": {
        "tailwindcss": "4.1.6"
      }
    },
    "node_modules/tailwindcss": {
      "version": "4.1.6",
      "resolved": "https://registry.npmjs.org/tailwindcss/-/tailwindcss-4.1.6.tgz",
      "integrity": "sha512-j0cGLTreM6u4OWzBeLBpycK0WIh8w7kSwcUsQZoGLHZ7xDTdM69lN64AgoIEEwFi0tnhs4wSykUa5YWxAzgFYg==",
      "license": "MIT"
    }
  }
}
