{
  "name": "home",
  "lockfileVersion": 2,
  "requires": true,
  "packages": {
    "": {
      "devDependencies": {
        "@trunkio/launcher": "^1.0.4"
      }
    },
    "node_modules/@trunkio/launcher": {
      "version": "1.0.4",
      "resolved": "https://registry.npmjs.org/@trunkio/launcher/-/launcher-1.0.4.tgz",
      "integrity": "sha512-Yk7NovIHcq7cY9Y4D9EXF2ACLIluM7qj30XeVNXj4hjhNt0a8Cq/1IA6gK8JTIW+6iV62LFZJmHqZWpVAKfb4w==",
      "dev": true,
      "bin": {
        "trunk": "trunk"
      }
    }
  },
  "dependencies": {
    "@trunkio/launcher": {
      "version": "1.0.4",
      "resolved": "https://registry.npmjs.org/@trunkio/launcher/-/launcher-1.0.4.tgz",
      "integrity": "sha512-Yk7NovIHcq7cY9Y4D9EXF2ACLIluM7qj30XeVNXj4hjhNt0a8Cq/1IA6gK8JTIW+6iV62LFZJmHqZWpVAKfb4w==",
      "dev": true
    }
  }
}
